
Microsoft Visual Studio Solution File, Format Version 12.00
Project("{FAE04EC0-301F-11D3-BF4B-00C04F79EFBC}") = "JevilNet", "JevilNet\JevilNet.csproj", "{AFE343F6-D316-4BA6-9C18-5CCAB003F95B}"
EndProject
Global
	GlobalSection(SolutionConfigurationPlatforms) = preSolution
		Debug|Any CPU = Debug|Any CPU
		Release|Any CPU = Release|Any CPU
	EndGlobalSection
	GlobalSection(ProjectConfigurationPlatforms) = postSolution
		{AFE343F6-D316-4BA6-9C18-5CCAB003F95B}.Debug|Any CPU.ActiveCfg = Debug|Any CPU
		{AFE343F6-D316-4BA6-9C18-5CCAB003F95B}.Debug|Any CPU.Build.0 = Debug|Any CPU
		{AFE343F6-D316-4BA6-9C18-5CCAB003F95B}.Release|Any CPU.ActiveCfg = Release|Any CPU
		{AFE343F6-D316-4BA6-9C18-5CCAB003F95B}.Release|Any CPU.Build.0 = Release|Any CPU
	EndGlobalSection
EndGlobal
